
Microsoft Visual Studio Solution File, Format Version 11.00
# Visual C# Express 2010
Project("{FAE04EC0-301F-11D3-BF4B-00C04F79EFBC}") = "CaixaBancosClient", "CaixaBancosClient\CaixaBancosClient.csproj", "{7F5EA41E-6B82-4048-9267-A3E8F0BA6816}"
EndProject
Global
	GlobalSection(SolutionConfigurationPlatforms) = preSolution
		Debug|x86 = Debug|x86
		Release|x86 = Release|x86
	EndGlobalSection
	GlobalSection(ProjectConfigurationPlatforms) = postSolution
		{7F5EA41E-6B82-4048-9267-A3E8F0BA6816}.Debug|x86.ActiveCfg = Debug|x86
		{7F5EA41E-6B82-4048-9267-A3E8F0BA6816}.Debug|x86.Build.0 = Debug|x86
		{7F5EA41E-6B82-4048-9267-A3E8F0BA6816}.Release|x86.ActiveCfg = Release|x86
		{7F5EA41E-6B82-4048-9267-A3E8F0BA6816}.Release|x86.Build.0 = Release|x86
	EndGlobalSection
	GlobalSection(SolutionProperties) = preSolution
		HideSolutionNode = FALSE
	EndGlobalSection
EndGlobal
