
Microsoft Visual Studio Solution File, Format Version 11.00
# Visual C# Express 2010
Project("{FAE04EC0-301F-11D3-BF4B-00C04F79EFBC}") = "ContasPagarClient", "ContasPagarClient\ContasPagarClient.csproj", "{9E283648-09BD-4F82-80A4-13D8FF2A5988}"
EndProject
Global
	GlobalSection(SolutionConfigurationPlatforms) = preSolution
		Debug|x86 = Debug|x86
		Release|x86 = Release|x86
	EndGlobalSection
	GlobalSection(ProjectConfigurationPlatforms) = postSolution
		{9E283648-09BD-4F82-80A4-13D8FF2A5988}.Debug|x86.ActiveCfg = Debug|x86
		{9E283648-09BD-4F82-80A4-13D8FF2A5988}.Debug|x86.Build.0 = Debug|x86
		{9E283648-09BD-4F82-80A4-13D8FF2A5988}.Release|x86.ActiveCfg = Release|x86
		{9E283648-09BD-4F82-80A4-13D8FF2A5988}.Release|x86.Build.0 = Release|x86
	EndGlobalSection
	GlobalSection(SolutionProperties) = preSolution
		HideSolutionNode = FALSE
	EndGlobalSection
EndGlobal
