
Microsoft Visual Studio Solution File, Format Version 11.00
# Visual C# Express 2010
Project("{FAE04EC0-301F-11D3-BF4B-00C04F79EFBC}") = "ComprasClient", "ComprasClient\ComprasClient.csproj", "{E2624975-DD5C-4993-A355-EEAA3641546F}"
EndProject
Global
	GlobalSection(SolutionConfigurationPlatforms) = preSolution
		Debug|Any CPU = Debug|Any CPU
		Debug|Mixed Platforms = Debug|Mixed Platforms
		Debug|x86 = Debug|x86
		Release|Any CPU = Release|Any CPU
		Release|Mixed Platforms = Release|Mixed Platforms
		Release|x86 = Release|x86
	EndGlobalSection
	GlobalSection(ProjectConfigurationPlatforms) = postSolution
		{E2624975-DD5C-4993-A355-EEAA3641546F}.Debug|Any CPU.ActiveCfg = Debug|x86
		{E2624975-DD5C-4993-A355-EEAA3641546F}.Debug|Mixed Platforms.ActiveCfg = Debug|x86
		{E2624975-DD5C-4993-A355-EEAA3641546F}.Debug|Mixed Platforms.Build.0 = Debug|x86
		{E2624975-DD5C-4993-A355-EEAA3641546F}.Debug|x86.ActiveCfg = Debug|x86
		{E2624975-DD5C-4993-A355-EEAA3641546F}.Debug|x86.Build.0 = Debug|x86
		{E2624975-DD5C-4993-A355-EEAA3641546F}.Release|Any CPU.ActiveCfg = Release|x86
		{E2624975-DD5C-4993-A355-EEAA3641546F}.Release|Mixed Platforms.ActiveCfg = Release|x86
		{E2624975-DD5C-4993-A355-EEAA3641546F}.Release|Mixed Platforms.Build.0 = Release|x86
		{E2624975-DD5C-4993-A355-EEAA3641546F}.Release|x86.ActiveCfg = Release|x86
		{E2624975-DD5C-4993-A355-EEAA3641546F}.Release|x86.Build.0 = Release|x86
	EndGlobalSection
	GlobalSection(SolutionProperties) = preSolution
		HideSolutionNode = FALSE
	EndGlobalSection
EndGlobal
