
Microsoft Visual Studio Solution File, Format Version 11.00
# Visual Studio 2010
Project("{2150E333-8FDC-42A3-9474-1A3956D46DE8}") = "Biblioteca", "Biblioteca", "{75FC8289-5B1E-4684-8497-54494382FA55}"
EndProject
Project("{2150E333-8FDC-42A3-9474-1A3956D46DE8}") = "Arquivos", "Arquivos", "{75C4F877-9574-43BA-9844-EAEC221DC0FA}"
EndProject
Project("{2150E333-8FDC-42A3-9474-1A3956D46DE8}") = "Impressão", "Impressão", "{093054D8-8738-4790-87CC-25378443A115}"
EndProject
Project("{2150E333-8FDC-42A3-9474-1A3956D46DE8}") = "Plugins", "Plugins", "{D42D7DE1-FD70-47FD-903C-1FE7682FE900}"
EndProject
Project("{FAE04EC0-301F-11D3-BF4B-00C04F79EFBC}") = "Boleto.Net", "Boleto.Net\Boleto.Net.csproj", "{F173E80B-E36B-48AD-B483-A27F8CA86F3C}"
EndProject
Project("{FAE04EC0-301F-11D3-BF4B-00C04F79EFBC}") = "Boleto.Net.Arquivo", "Boleto.Net.Arquivo\Boleto.Net.Arquivo.csproj", "{98AD1B9D-47F5-432C-85BD-49A12FBD7CAD}"
EndProject
Project("{E24C65DC-7377-472B-9ABA-BC803B73C61A}") = "Boleto.Net.Site", "Boleto.Net.Site", "{3E75E02F-A49C-4C96-8A9E-8A405D8B6167}"
	ProjectSection(WebsiteProperties) = preProject
		SccProjectName = "SAK"
		SccAuxPath = "SAK"
		SccLocalPath = "SAK"
		SccProvider = "SAK"
		TargetFrameworkMoniker = ".NETFramework,Version%3Dv4.0"
		ProjectReferences = "{F173E80B-E36B-48AD-B483-A27F8CA86F3C}|Boleto.Net.dll;"
		Debug.AspNetCompiler.VirtualPath = "/Boleto.Net.Site"
		Debug.AspNetCompiler.PhysicalPath = "Boleto.Net.Site\"
		Debug.AspNetCompiler.TargetPath = "PrecompiledWeb\Boleto.Net.Site\"
		Debug.AspNetCompiler.Updateable = "true"
		Debug.AspNetCompiler.ForceOverwrite = "true"
		Debug.AspNetCompiler.FixedNames = "false"
		Debug.AspNetCompiler.Debug = "True"
		Release.AspNetCompiler.VirtualPath = "/Boleto.Net.Site"
		Release.AspNetCompiler.PhysicalPath = "Boleto.Net.Site\"
		Release.AspNetCompiler.TargetPath = "PrecompiledWeb\Boleto.Net.Site\"
		Release.AspNetCompiler.Updateable = "true"
		Release.AspNetCompiler.ForceOverwrite = "true"
		Release.AspNetCompiler.FixedNames = "false"
		Release.AspNetCompiler.Debug = "False"
		VWDPort = "3304"
	EndProjectSection
EndProject
Global
	GlobalSection(TeamFoundationVersionControl) = preSolution
		SccNumberOfProjects = 4
		SccEnterpriseProvider = {4CA58AB2-18FA-4F8D-95D4-32DDF27D184C}
		SccTeamFoundationServer = https://tfs04.codeplex.com/
		SccLocalPath0 = .
		SccProjectUniqueName1 = Boleto.Net.Arquivo\\Boleto.Net.Arquivo.csproj
		SccProjectTopLevelParentUniqueName1 = Boleto.Net.sln
		SccProjectName1 = Boleto.Net.Arquivo
		SccLocalPath1 = Boleto.Net.Arquivo
		SccProjectUniqueName2 = Boleto.Net\\Boleto.Net.csproj
		SccProjectTopLevelParentUniqueName2 = Boleto.Net.sln
		SccProjectName2 = Boleto.Net
		SccLocalPath2 = Boleto.Net
		SccWebProject3 = true
		SccProjectUniqueName3 = Boleto.Net.Site
		SccProjectTopLevelParentUniqueName3 = Boleto.Net.sln
		SccLocalPath3 = .
		SccProjectFilePathRelativizedFromConnection3 = Boleto.Net.Site\\
		SccProjectEnlistmentChoice3 = 2
	EndGlobalSection
	GlobalSection(SolutionConfigurationPlatforms) = preSolution
		Debug|.NET = Debug|.NET
		Debug|Any CPU = Debug|Any CPU
		Debug|Mixed Platforms = Debug|Mixed Platforms
		Release|.NET = Release|.NET
		Release|Any CPU = Release|Any CPU
		Release|Mixed Platforms = Release|Mixed Platforms
	EndGlobalSection
	GlobalSection(ProjectConfigurationPlatforms) = postSolution
		{F173E80B-E36B-48AD-B483-A27F8CA86F3C}.Debug|.NET.ActiveCfg = Debug|Any CPU
		{F173E80B-E36B-48AD-B483-A27F8CA86F3C}.Debug|Any CPU.ActiveCfg = Debug|Any CPU
		{F173E80B-E36B-48AD-B483-A27F8CA86F3C}.Debug|Any CPU.Build.0 = Debug|Any CPU
		{F173E80B-E36B-48AD-B483-A27F8CA86F3C}.Debug|Mixed Platforms.ActiveCfg = Debug|Any CPU
		{F173E80B-E36B-48AD-B483-A27F8CA86F3C}.Debug|Mixed Platforms.Build.0 = Debug|Any CPU
		{F173E80B-E36B-48AD-B483-A27F8CA86F3C}.Release|.NET.ActiveCfg = Release|Any CPU
		{F173E80B-E36B-48AD-B483-A27F8CA86F3C}.Release|Any CPU.ActiveCfg = Release|Any CPU
		{F173E80B-E36B-48AD-B483-A27F8CA86F3C}.Release|Any CPU.Build.0 = Release|Any CPU
		{F173E80B-E36B-48AD-B483-A27F8CA86F3C}.Release|Mixed Platforms.ActiveCfg = Release|Any CPU
		{F173E80B-E36B-48AD-B483-A27F8CA86F3C}.Release|Mixed Platforms.Build.0 = Release|Any CPU
		{98AD1B9D-47F5-432C-85BD-49A12FBD7CAD}.Debug|.NET.ActiveCfg = Debug|Any CPU
		{98AD1B9D-47F5-432C-85BD-49A12FBD7CAD}.Debug|Any CPU.ActiveCfg = Debug|Any CPU
		{98AD1B9D-47F5-432C-85BD-49A12FBD7CAD}.Debug|Any CPU.Build.0 = Debug|Any CPU
		{98AD1B9D-47F5-432C-85BD-49A12FBD7CAD}.Debug|Mixed Platforms.ActiveCfg = Debug|Any CPU
		{98AD1B9D-47F5-432C-85BD-49A12FBD7CAD}.Debug|Mixed Platforms.Build.0 = Debug|Any CPU
		{98AD1B9D-47F5-432C-85BD-49A12FBD7CAD}.Release|.NET.ActiveCfg = Release|Any CPU
		{98AD1B9D-47F5-432C-85BD-49A12FBD7CAD}.Release|Any CPU.ActiveCfg = Release|Any CPU
		{98AD1B9D-47F5-432C-85BD-49A12FBD7CAD}.Release|Any CPU.Build.0 = Release|Any CPU
		{98AD1B9D-47F5-432C-85BD-49A12FBD7CAD}.Release|Mixed Platforms.ActiveCfg = Release|Any CPU
		{98AD1B9D-47F5-432C-85BD-49A12FBD7CAD}.Release|Mixed Platforms.Build.0 = Release|Any CPU
		{3E75E02F-A49C-4C96-8A9E-8A405D8B6167}.Debug|.NET.ActiveCfg = Debug|.NET
		{3E75E02F-A49C-4C96-8A9E-8A405D8B6167}.Debug|.NET.Build.0 = Debug|.NET
		{3E75E02F-A49C-4C96-8A9E-8A405D8B6167}.Debug|Any CPU.ActiveCfg = Debug|.NET
		{3E75E02F-A49C-4C96-8A9E-8A405D8B6167}.Debug|Mixed Platforms.ActiveCfg = Debug|.NET
		{3E75E02F-A49C-4C96-8A9E-8A405D8B6167}.Debug|Mixed Platforms.Build.0 = Debug|.NET
		{3E75E02F-A49C-4C96-8A9E-8A405D8B6167}.Release|.NET.ActiveCfg = Debug|.NET
		{3E75E02F-A49C-4C96-8A9E-8A405D8B6167}.Release|.NET.Build.0 = Debug|.NET
		{3E75E02F-A49C-4C96-8A9E-8A405D8B6167}.Release|Any CPU.ActiveCfg = Debug|.NET
		{3E75E02F-A49C-4C96-8A9E-8A405D8B6167}.Release|Mixed Platforms.ActiveCfg = Debug|.NET
		{3E75E02F-A49C-4C96-8A9E-8A405D8B6167}.Release|Mixed Platforms.Build.0 = Debug|.NET
	EndGlobalSection
	GlobalSection(SolutionProperties) = preSolution
		HideSolutionNode = FALSE
	EndGlobalSection
	GlobalSection(NestedProjects) = preSolution
		{F173E80B-E36B-48AD-B483-A27F8CA86F3C} = {75FC8289-5B1E-4684-8497-54494382FA55}
		{98AD1B9D-47F5-432C-85BD-49A12FBD7CAD} = {75C4F877-9574-43BA-9844-EAEC221DC0FA}
		{3E75E02F-A49C-4C96-8A9E-8A405D8B6167} = {093054D8-8738-4790-87CC-25378443A115}
	EndGlobalSection
EndGlobal
